
Microsoft Visual Studio Solution File, Format Version 12.00
# Visual Studio Version 16
VisualStudioVersion = 16.0.30320.27
MinimumVisualStudioVersion = 10.0.40219.1
Project("{9A19103F-16F7-4668-BE54-9A1E7A4F7556}") = "SenseNet.BlobStorage", "..\..\sensenet\src\BlobStorage\SenseNet.BlobStorage.csproj", "{5577B9E7-7C55-43E3-B2A2-CC192C12C20B}"
EndProject
Project("{9A19103F-16F7-4668-BE54-9A1E7A4F7556}") = "SenseNet.Common", "..\..\sensenet\src\Common\SenseNet.Common.csproj", "{42075CAB-39C0-4055-AA3E-3B12850117B8}"
EndProject
Project("{9A19103F-16F7-4668-BE54-9A1E7A4F7556}") = "SenseNet.ContentRepository", "..\..\sensenet\src\ContentRepository\SenseNet.ContentRepository.csproj", "{786E6165-CA02-45A9-BF58-207A45D7D6DF}"
EndProject
Project("{9A19103F-16F7-4668-BE54-9A1E7A4F7556}") = "SenseNet.Search", "..\..\sensenet\src\Search\SenseNet.Search.csproj", "{1020CAAF-18FD-418F-B3B0-3CAB79E619B6}"
EndProject
Project("{9A19103F-16F7-4668-BE54-9A1E7A4F7556}") = "SenseNet.Storage", "..\..\sensenet\src\Storage\SenseNet.Storage.csproj", "{5DB4DDBA-81F6-4D81-943A-18F3178B3355}"
EndProject
Project("{FAE04EC0-301F-11D3-BF4B-00C04F79EFBC}") = "SenseNet.Tests", "..\..\sensenet\src\Tests\SenseNet.Tests\SenseNet.Tests.csproj", "{A0909E8F-E039-4080-A259-676CFD38CCD1}"
EndProject
Project("{9A19103F-16F7-4668-BE54-9A1E7A4F7556}") = "SenseNet.Security", "..\..\sn-security\src\SenseNet.Security\SenseNet.Security.csproj", "{9FA65E99-96D3-4323-896B-CB53E0777C82}"
EndProject
Project("{FAE04EC0-301F-11D3-BF4B-00C04F79EFBC}") = "SenseNet.Packaging.IntegrationTests", "SenseNet.Packaging.IntegrationTests\SenseNet.Packaging.IntegrationTests.csproj", "{998FF44E-0B9D-45FD-B1AC-56CD530F4E4D}"
EndProject
Project("{FAE04EC0-301F-11D3-BF4B-00C04F79EFBC}") = "SenseNet.Search.IntegrationTests", "SenseNet.Search.IntegrationTests\SenseNet.Search.IntegrationTests.csproj", "{0734E56A-D609-4788-A33D-7B18A62D48D5}"
EndProject
Project("{2150E333-8FDC-42A3-9474-1A3956D46DE8}") = "ReferenceProjects", "ReferenceProjects", "{A6F22E95-BF95-48C6-87AD-059CEDFA97BA}"
EndProject
Project("{FAE04EC0-301F-11D3-BF4B-00C04F79EFBC}") = "SenseNet.IntegrationTests.Common", "SenseNet.IntegrationTests.Common\SenseNet.IntegrationTests.Common.csproj", "{627620F1-EC79-408D-A965-63D69C168672}"
EndProject
Project("{FAE04EC0-301F-11D3-BF4B-00C04F79EFBC}") = "LoggingIntegrationTests", "LoggingIntegrationTests\LoggingIntegrationTests.csproj", "{7C2FB91C-D5F5-4021-8951-D9AA54797734}"
EndProject
Project("{FAE04EC0-301F-11D3-BF4B-00C04F79EFBC}") = "SenseNet.EntlibLogger", "..\..\sn-logging-entlib\src\EntlibLogger\SenseNet.EntlibLogger.csproj", "{8B3AA97F-E469-41A3-A181-8CE88FCEE24B}"
EndProject
Project("{FAE04EC0-301F-11D3-BF4B-00C04F79EFBC}") = "SenseNet.ContentRepository.IntegrationTests", "SenseNet.ContentRepository.IntegrationTests\SenseNet.ContentRepository.IntegrationTests.csproj", "{FD3AE293-694D-4D21-B299-4CC22768098C}"
EndProject
Project("{FAE04EC0-301F-11D3-BF4B-00C04F79EFBC}") = "SenseNet.Storage.IntegrationTests", "SenseNet.Storage.IntegrationTests\SenseNet.Storage.IntegrationTests.csproj", "{0EBD60AE-9469-4550-97E5-1C1B2EC15272}"
EndProject
Project("{FAE04EC0-301F-11D3-BF4B-00C04F79EFBC}") = "SenseNet.Services", "..\..\sensenet\src\Services\SenseNet.Services.csproj", "{B72529C8-FEB1-49F5-B08B-56055B58F296}"
EndProject
Project("{9A19103F-16F7-4668-BE54-9A1E7A4F7556}") = "SenseNet.ContentRepository.InMemory", "..\..\sensenet\src\ContentRepository.InMemory\SenseNet.ContentRepository.InMemory.csproj", "{23469B3A-979B-4FB7-93F2-83E458EB2D45}"
EndProject
Global
	GlobalSection(SolutionConfigurationPlatforms) = preSolution
		Debug|Any CPU = Debug|Any CPU
		Release|Any CPU = Release|Any CPU
	EndGlobalSection
	GlobalSection(ProjectConfigurationPlatforms) = postSolution
		{5577B9E7-7C55-43E3-B2A2-CC192C12C20B}.Debug|Any CPU.ActiveCfg = Debug|Any CPU
		{5577B9E7-7C55-43E3-B2A2-CC192C12C20B}.Debug|Any CPU.Build.0 = Debug|Any CPU
		{5577B9E7-7C55-43E3-B2A2-CC192C12C20B}.Release|Any CPU.ActiveCfg = Release|Any CPU
		{5577B9E7-7C55-43E3-B2A2-CC192C12C20B}.Release|Any CPU.Build.0 = Release|Any CPU
		{42075CAB-39C0-4055-AA3E-3B12850117B8}.Debug|Any CPU.ActiveCfg = Debug|Any CPU
		{42075CAB-39C0-4055-AA3E-3B12850117B8}.Debug|Any CPU.Build.0 = Debug|Any CPU
		{42075CAB-39C0-4055-AA3E-3B12850117B8}.Release|Any CPU.ActiveCfg = Release|Any CPU
		{42075CAB-39C0-4055-AA3E-3B12850117B8}.Release|Any CPU.Build.0 = Release|Any CPU
		{786E6165-CA02-45A9-BF58-207A45D7D6DF}.Debug|Any CPU.ActiveCfg = Debug|Any CPU
		{786E6165-CA02-45A9-BF58-207A45D7D6DF}.Debug|Any CPU.Build.0 = Debug|Any CPU
		{786E6165-CA02-45A9-BF58-207A45D7D6DF}.Release|Any CPU.ActiveCfg = Release|Any CPU
		{786E6165-CA02-45A9-BF58-207A45D7D6DF}.Release|Any CPU.Build.0 = Release|Any CPU
		{1020CAAF-18FD-418F-B3B0-3CAB79E619B6}.Debug|Any CPU.ActiveCfg = Debug|Any CPU
		{1020CAAF-18FD-418F-B3B0-3CAB79E619B6}.Debug|Any CPU.Build.0 = Debug|Any CPU
		{1020CAAF-18FD-418F-B3B0-3CAB79E619B6}.Release|Any CPU.ActiveCfg = Release|Any CPU
		{1020CAAF-18FD-418F-B3B0-3CAB79E619B6}.Release|Any CPU.Build.0 = Release|Any CPU
		{5DB4DDBA-81F6-4D81-943A-18F3178B3355}.Debug|Any CPU.ActiveCfg = Debug|Any CPU
		{5DB4DDBA-81F6-4D81-943A-18F3178B3355}.Debug|Any CPU.Build.0 = Debug|Any CPU
		{5DB4DDBA-81F6-4D81-943A-18F3178B3355}.Release|Any CPU.ActiveCfg = Release|Any CPU
		{5DB4DDBA-81F6-4D81-943A-18F3178B3355}.Release|Any CPU.Build.0 = Release|Any CPU
		{A0909E8F-E039-4080-A259-676CFD38CCD1}.Debug|Any CPU.ActiveCfg = Debug|Any CPU
		{A0909E8F-E039-4080-A259-676CFD38CCD1}.Debug|Any CPU.Build.0 = Debug|Any CPU
		{A0909E8F-E039-4080-A259-676CFD38CCD1}.Release|Any CPU.ActiveCfg = Release|Any CPU
		{A0909E8F-E039-4080-A259-676CFD38CCD1}.Release|Any CPU.Build.0 = Release|Any CPU
		{9FA65E99-96D3-4323-896B-CB53E0777C82}.Debug|Any CPU.ActiveCfg = Debug|Any CPU
		{9FA65E99-96D3-4323-896B-CB53E0777C82}.Debug|Any CPU.Build.0 = Debug|Any CPU
		{9FA65E99-96D3-4323-896B-CB53E0777C82}.Release|Any CPU.ActiveCfg = Release|Any CPU
		{9FA65E99-96D3-4323-896B-CB53E0777C82}.Release|Any CPU.Build.0 = Release|Any CPU
		{998FF44E-0B9D-45FD-B1AC-56CD530F4E4D}.Debug|Any CPU.ActiveCfg = Debug|Any CPU
		{998FF44E-0B9D-45FD-B1AC-56CD530F4E4D}.Debug|Any CPU.Build.0 = Debug|Any CPU
		{998FF44E-0B9D-45FD-B1AC-56CD530F4E4D}.Release|Any CPU.ActiveCfg = Release|Any CPU
		{998FF44E-0B9D-45FD-B1AC-56CD530F4E4D}.Release|Any CPU.Build.0 = Release|Any CPU
		{0734E56A-D609-4788-A33D-7B18A62D48D5}.Debug|Any CPU.ActiveCfg = Debug|Any CPU
		{0734E56A-D609-4788-A33D-7B18A62D48D5}.Debug|Any CPU.Build.0 = Debug|Any CPU
		{0734E56A-D609-4788-A33D-7B18A62D48D5}.Release|Any CPU.ActiveCfg = Release|Any CPU
		{0734E56A-D609-4788-A33D-7B18A62D48D5}.Release|Any CPU.Build.0 = Release|Any CPU
		{627620F1-EC79-408D-A965-63D69C168672}.Debug|Any CPU.ActiveCfg = Debug|Any CPU
		{627620F1-EC79-408D-A965-63D69C168672}.Debug|Any CPU.Build.0 = Debug|Any CPU
		{627620F1-EC79-408D-A965-63D69C168672}.Release|Any CPU.ActiveCfg = Release|Any CPU
		{627620F1-EC79-408D-A965-63D69C168672}.Release|Any CPU.Build.0 = Release|Any CPU
		{7C2FB91C-D5F5-4021-8951-D9AA54797734}.Debug|Any CPU.ActiveCfg = Debug|Any CPU
		{7C2FB91C-D5F5-4021-8951-D9AA54797734}.Debug|Any CPU.Build.0 = Debug|Any CPU
		{7C2FB91C-D5F5-4021-8951-D9AA54797734}.Release|Any CPU.ActiveCfg = Release|Any CPU
		{7C2FB91C-D5F5-4021-8951-D9AA54797734}.Release|Any CPU.Build.0 = Release|Any CPU
		{8B3AA97F-E469-41A3-A181-8CE88FCEE24B}.Debug|Any CPU.ActiveCfg = Debug|Any CPU
		{8B3AA97F-E469-41A3-A181-8CE88FCEE24B}.Debug|Any CPU.Build.0 = Debug|Any CPU
		{8B3AA97F-E469-41A3-A181-8CE88FCEE24B}.Release|Any CPU.ActiveCfg = Release|Any CPU
		{8B3AA97F-E469-41A3-A181-8CE88FCEE24B}.Release|Any CPU.Build.0 = Release|Any CPU
		{FD3AE293-694D-4D21-B299-4CC22768098C}.Debug|Any CPU.ActiveCfg = Debug|Any CPU
		{FD3AE293-694D-4D21-B299-4CC22768098C}.Debug|Any CPU.Build.0 = Debug|Any CPU
		{FD3AE293-694D-4D21-B299-4CC22768098C}.Release|Any CPU.ActiveCfg = Release|Any CPU
		{FD3AE293-694D-4D21-B299-4CC22768098C}.Release|Any CPU.Build.0 = Release|Any CPU
		{0EBD60AE-9469-4550-97E5-1C1B2EC15272}.Debug|Any CPU.ActiveCfg = Debug|Any CPU
		{0EBD60AE-9469-4550-97E5-1C1B2EC15272}.Debug|Any CPU.Build.0 = Debug|Any CPU
		{0EBD60AE-9469-4550-97E5-1C1B2EC15272}.Release|Any CPU.ActiveCfg = Release|Any CPU
		{0EBD60AE-9469-4550-97E5-1C1B2EC15272}.Release|Any CPU.Build.0 = Release|Any CPU
		{B72529C8-FEB1-49F5-B08B-56055B58F296}.Debug|Any CPU.ActiveCfg = Debug|Any CPU
		{B72529C8-FEB1-49F5-B08B-56055B58F296}.Debug|Any CPU.Build.0 = Debug|Any CPU
		{B72529C8-FEB1-49F5-B08B-56055B58F296}.Release|Any CPU.ActiveCfg = Release|Any CPU
		{B72529C8-FEB1-49F5-B08B-56055B58F296}.Release|Any CPU.Build.0 = Release|Any CPU
		{23469B3A-979B-4FB7-93F2-83E458EB2D45}.Debug|Any CPU.ActiveCfg = Debug|Any CPU
		{23469B3A-979B-4FB7-93F2-83E458EB2D45}.Debug|Any CPU.Build.0 = Debug|Any CPU
		{23469B3A-979B-4FB7-93F2-83E458EB2D45}.Release|Any CPU.ActiveCfg = Release|Any CPU
		{23469B3A-979B-4FB7-93F2-83E458EB2D45}.Release|Any CPU.Build.0 = Release|Any CPU
	EndGlobalSection
	GlobalSection(SolutionProperties) = preSolution
		HideSolutionNode = FALSE
	EndGlobalSection
	GlobalSection(NestedProjects) = preSolution
		{5577B9E7-7C55-43E3-B2A2-CC192C12C20B} = {A6F22E95-BF95-48C6-87AD-059CEDFA97BA}
		{42075CAB-39C0-4055-AA3E-3B12850117B8} = {A6F22E95-BF95-48C6-87AD-059CEDFA97BA}
		{786E6165-CA02-45A9-BF58-207A45D7D6DF} = {A6F22E95-BF95-48C6-87AD-059CEDFA97BA}
		{1020CAAF-18FD-418F-B3B0-3CAB79E619B6} = {A6F22E95-BF95-48C6-87AD-059CEDFA97BA}
		{5DB4DDBA-81F6-4D81-943A-18F3178B3355} = {A6F22E95-BF95-48C6-87AD-059CEDFA97BA}
		{A0909E8F-E039-4080-A259-676CFD38CCD1} = {A6F22E95-BF95-48C6-87AD-059CEDFA97BA}
		{9FA65E99-96D3-4323-896B-CB53E0777C82} = {A6F22E95-BF95-48C6-87AD-059CEDFA97BA}
		{8B3AA97F-E469-41A3-A181-8CE88FCEE24B} = {A6F22E95-BF95-48C6-87AD-059CEDFA97BA}
		{B72529C8-FEB1-49F5-B08B-56055B58F296} = {A6F22E95-BF95-48C6-87AD-059CEDFA97BA}
		{23469B3A-979B-4FB7-93F2-83E458EB2D45} = {A6F22E95-BF95-48C6-87AD-059CEDFA97BA}
	EndGlobalSection
	GlobalSection(ExtensibilityGlobals) = postSolution
		SolutionGuid = {919120C5-4DC2-4FB5-AFE7-25D1E1F639DE}
	EndGlobalSection
EndGlobal
